
Microsoft Visual Studio Solution File, Format Version 12.00
# Visual Studio Version 16
VisualStudioVersion = 16.0.31829.152
MinimumVisualStudioVersion = 10.0.40219.1
Project("{8BC9CEB8-8B4A-11D0-8D11-00A0C91BC942}") = "sh-vs2019-demo", "sh-vs2019-demo.vcxproj", "{4FF3D976-1A3A-452F-961A-CD8EE6E48CEF}"
EndProject
Global
	GlobalSection(SolutionConfigurationPlatforms) = preSolution
		Debug|x64 = Debug|x64
		Debug|x86 = Debug|x86
		Release|x64 = Release|x64
		Release|x86 = Release|x86
	EndGlobalSection
	GlobalSection(ProjectConfigurationPlatforms) = postSolution
		{4FF3D976-1A3A-452F-961A-CD8EE6E48CEF}.Debug|x64.ActiveCfg = Debug|x64
		{4FF3D976-1A3A-452F-961A-CD8EE6E48CEF}.Debug|x64.Build.0 = Debug|x64
		{4FF3D976-1A3A-452F-961A-CD8EE6E48CEF}.Debug|x86.ActiveCfg = Debug|Win32
		{4FF3D976-1A3A-452F-961A-CD8EE6E48CEF}.Debug|x86.Build.0 = Debug|Win32
		{4FF3D976-1A3A-452F-961A-CD8EE6E48CEF}.Release|x64.ActiveCfg = Release|x64
		{4FF3D976-1A3A-452F-961A-CD8EE6E48CEF}.Release|x64.Build.0 = Release|x64
		{4FF3D976-1A3A-452F-961A-CD8EE6E48CEF}.Release|x86.ActiveCfg = Release|Win32
		{4FF3D976-1A3A-452F-961A-CD8EE6E48CEF}.Release|x86.Build.0 = Release|Win32
	EndGlobalSection
	GlobalSection(SolutionProperties) = preSolution
		HideSolutionNode = FALSE
	EndGlobalSection
	GlobalSection(ExtensibilityGlobals) = postSolution
		SolutionGuid = {D0F2F190-7A33-4249-B4C4-6D8AB705F2E2}
	EndGlobalSection
EndGlobal
